{
  "name": "nodeapi",
  "version": "1.0.0",
  "lockfileVersion": 3,
  "requires": true,
  "packages": {
    "": {
      "name": "nodeapi",
      "version": "1.0.0",
      "license": "ISC",
      "dependencies": {
        "dotenv": "^16.4.7",
        "node-modules": "^0.0.1"
      }
    },
    "node_modules/dotenv": {
      "version": "16.4.7",
      "resolved": "https://registry.npmjs.org/dotenv/-/dotenv-16.4.7.tgz",
      "integrity": "sha512-47qPchRCykZC03FhkYAhrvwU4xDBFIj1QPqaarj6mdM/hgUzfPHcpkHJOn3mJAufFeeAxAzeGsr5X0M4k6fLZQ==",
      "license": "BSD-2-Clause",
      "engines": {
        "node": ">=12"
      },
      "funding": {
        "url": "https://dotenvx.com"
      }
    },
    "node_modules/node-modules": {
      "version": "0.0.1",
      "resolved": "https://registry.npmjs.org/node-modules/-/node-modules-0.0.1.tgz",
      "integrity": "sha512-310npB29YYezKgvU5Ei3z90rc95b0PA7vNF2Pw54MgcbnMd+t5c4LbmjP0/uDyapXb5vXcFuWEOIHtemQXN9Gw=="
    }
  }
}
